
Microsoft Visual Studio Solution File, Format Version 12.00
# Visual Studio Version 17
VisualStudioVersion = 17.0.31912.275
MinimumVisualStudioVersion = 10.0.40219.1
Project("{9A19103F-16F7-4668-BE54-9A1E7A4F7556}") = "BasicBilling.API", "BasicBilling.API\BasicBilling.API.csproj", "{8671EB6C-4687-4CDE-B537-F192CF397FE2}"
EndProject
Project("{9A19103F-16F7-4668-BE54-9A1E7A4F7556}") = "BasicBilling.APITests", "BasicBilling.APITests\BasicBilling.APITests.csproj", "{EBFAD2C2-D587-48FD-A2F6-782C986515A1}"
EndProject
Global
	GlobalSection(SolutionConfigurationPlatforms) = preSolution
		Debug|Any CPU = Debug|Any CPU
		Release|Any CPU = Release|Any CPU
	EndGlobalSection
	GlobalSection(ProjectConfigurationPlatforms) = postSolution
		{8671EB6C-4687-4CDE-B537-F192CF397FE2}.Debug|Any CPU.ActiveCfg = Debug|Any CPU
		{8671EB6C-4687-4CDE-B537-F192CF397FE2}.Debug|Any CPU.Build.0 = Debug|Any CPU
		{8671EB6C-4687-4CDE-B537-F192CF397FE2}.Release|Any CPU.ActiveCfg = Release|Any CPU
		{8671EB6C-4687-4CDE-B537-F192CF397FE2}.Release|Any CPU.Build.0 = Release|Any CPU
		{EBFAD2C2-D587-48FD-A2F6-782C986515A1}.Debug|Any CPU.ActiveCfg = Debug|Any CPU
		{EBFAD2C2-D587-48FD-A2F6-782C986515A1}.Debug|Any CPU.Build.0 = Debug|Any CPU
		{EBFAD2C2-D587-48FD-A2F6-782C986515A1}.Release|Any CPU.ActiveCfg = Release|Any CPU
		{EBFAD2C2-D587-48FD-A2F6-782C986515A1}.Release|Any CPU.Build.0 = Release|Any CPU
	EndGlobalSection
	GlobalSection(SolutionProperties) = preSolution
		HideSolutionNode = FALSE
	EndGlobalSection
	GlobalSection(ExtensibilityGlobals) = postSolution
		SolutionGuid = {4790A1F7-0575-4964-8BC7-AE645E76DC8A}
	EndGlobalSection
EndGlobal
